
Microsoft Visual Studio Solution File, Format Version 12.00
# Visual Studio Version 17
VisualStudioVersion = 17.7.34018.315
MinimumVisualStudioVersion = 10.0.40219.1
Project("{FAE04EC0-301F-11D3-BF4B-00C04F79EFBC}") = "EasyMicroservices.UI.Identity.ViewModels", "EasyMicroservices.UI.Identity.ViewModels\EasyMicroservices.UI.Identity.ViewModels.csproj", "{F0353DA3-7A0E-4473-9E39-1EC54C91D12D}"
EndProject
Project("{2150E333-8FDC-42A3-9474-1A3956D46DE8}") = "App", "App", "{508A1863-9DAB-4B6D-976F-EA3DD549073F}"
EndProject
Global
	GlobalSection(SolutionConfigurationPlatforms) = preSolution
		Debug|Any CPU = Debug|Any CPU
		Release|Any CPU = Release|Any CPU
	EndGlobalSection
	GlobalSection(ProjectConfigurationPlatforms) = postSolution
		{F0353DA3-7A0E-4473-9E39-1EC54C91D12D}.Debug|Any CPU.ActiveCfg = Debug|Any CPU
		{F0353DA3-7A0E-4473-9E39-1EC54C91D12D}.Debug|Any CPU.Build.0 = Debug|Any CPU
		{F0353DA3-7A0E-4473-9E39-1EC54C91D12D}.Release|Any CPU.ActiveCfg = Release|Any CPU
		{F0353DA3-7A0E-4473-9E39-1EC54C91D12D}.Release|Any CPU.Build.0 = Release|Any CPU
	EndGlobalSection
	GlobalSection(SolutionProperties) = preSolution
		HideSolutionNode = FALSE
	EndGlobalSection
	GlobalSection(NestedProjects) = preSolution
		{F0353DA3-7A0E-4473-9E39-1EC54C91D12D} = {508A1863-9DAB-4B6D-976F-EA3DD549073F}
	EndGlobalSection
	GlobalSection(ExtensibilityGlobals) = postSolution
		SolutionGuid = {76BBEB17-AD20-4E67-AA63-27E2836D3FDA}
	EndGlobalSection
EndGlobal
