
Microsoft Visual Studio Solution File, Format Version 12.00
# Visual Studio Version 17
VisualStudioVersion = 17.7.34018.315
MinimumVisualStudioVersion = 10.0.40219.1
Project("{9A19103F-16F7-4668-BE54-9A1E7A4F7556}") = "EasyMicroservices.UI.Identity.Blazor.TestUI", "EasyMicroservices.UI.Identity.Blazor.TestUI\EasyMicroservices.UI.Identity.Blazor.TestUI.csproj", "{626CFD42-BCBB-457C-9F73-CAC62D4A1E56}"
EndProject
Project("{2150E333-8FDC-42A3-9474-1A3956D46DE8}") = "Application-Layer", "Application-Layer", "{DCD4E3DA-9FCE-4E44-94EB-E76643EB7F00}"
EndProject
Project("{2150E333-8FDC-42A3-9474-1A3956D46DE8}") = "BusinessLogic-Layer", "BusinessLogic-Layer", "{3151CA0F-984F-43AD-BF34-C41BF1E1627F}"
	ProjectSection(SolutionItems) = preProject
		EasyMicroservices.UI.Identity.Blazor.TestUI\Program.cs = EasyMicroservices.UI.Identity.Blazor.TestUI\Program.cs
	EndProjectSection
EndProject
Project("{9A19103F-16F7-4668-BE54-9A1E7A4F7556}") = "EasyMicroservices.UI.Identity.ViewModels", "..\Cores\EasyMicroservices.UI.Identity.ViewModels\EasyMicroservices.UI.Identity.ViewModels.csproj", "{9211C76B-7C44-4429-BF41-2A379324873B}"
EndProject
Project("{9A19103F-16F7-4668-BE54-9A1E7A4F7556}") = "EasyMicroservices.UI.Identity.Blazor", "EasyMicroservices.UI.Identity.Blazor\EasyMicroservices.UI.Identity.Blazor.csproj", "{E9EDD89E-5EA8-48A6-A8C1-937646E42045}"
EndProject
Global
	GlobalSection(SolutionConfigurationPlatforms) = preSolution
		Debug|Any CPU = Debug|Any CPU
		Release|Any CPU = Release|Any CPU
	EndGlobalSection
	GlobalSection(ProjectConfigurationPlatforms) = postSolution
		{626CFD42-BCBB-457C-9F73-CAC62D4A1E56}.Debug|Any CPU.ActiveCfg = Debug|Any CPU
		{626CFD42-BCBB-457C-9F73-CAC62D4A1E56}.Debug|Any CPU.Build.0 = Debug|Any CPU
		{626CFD42-BCBB-457C-9F73-CAC62D4A1E56}.Release|Any CPU.ActiveCfg = Release|Any CPU
		{626CFD42-BCBB-457C-9F73-CAC62D4A1E56}.Release|Any CPU.Build.0 = Release|Any CPU
		{9211C76B-7C44-4429-BF41-2A379324873B}.Debug|Any CPU.ActiveCfg = Debug|Any CPU
		{9211C76B-7C44-4429-BF41-2A379324873B}.Debug|Any CPU.Build.0 = Debug|Any CPU
		{9211C76B-7C44-4429-BF41-2A379324873B}.Release|Any CPU.ActiveCfg = Release|Any CPU
		{9211C76B-7C44-4429-BF41-2A379324873B}.Release|Any CPU.Build.0 = Release|Any CPU
		{E9EDD89E-5EA8-48A6-A8C1-937646E42045}.Debug|Any CPU.ActiveCfg = Debug|Any CPU
		{E9EDD89E-5EA8-48A6-A8C1-937646E42045}.Debug|Any CPU.Build.0 = Debug|Any CPU
		{E9EDD89E-5EA8-48A6-A8C1-937646E42045}.Release|Any CPU.ActiveCfg = Release|Any CPU
		{E9EDD89E-5EA8-48A6-A8C1-937646E42045}.Release|Any CPU.Build.0 = Release|Any CPU
	EndGlobalSection
	GlobalSection(SolutionProperties) = preSolution
		HideSolutionNode = FALSE
	EndGlobalSection
	GlobalSection(NestedProjects) = preSolution
		{626CFD42-BCBB-457C-9F73-CAC62D4A1E56} = {DCD4E3DA-9FCE-4E44-94EB-E76643EB7F00}
		{9211C76B-7C44-4429-BF41-2A379324873B} = {3151CA0F-984F-43AD-BF34-C41BF1E1627F}
		{E9EDD89E-5EA8-48A6-A8C1-937646E42045} = {DCD4E3DA-9FCE-4E44-94EB-E76643EB7F00}
	EndGlobalSection
	GlobalSection(ExtensibilityGlobals) = postSolution
		SolutionGuid = {865CEAD8-A7BA-4FCD-8966-8195DCF4714E}
	EndGlobalSection
EndGlobal
